# This file was autogenerated by Stack.
# You should not edit this file by hand.
# For more information, please see the documentation at:
#   https://docs.haskellstack.org/en/stable/lock_files

packages: []
snapshots:
- completed:
    size: 525662
    url: https://raw.githubusercontent.com/commercialhaskell/stackage-snapshots/master/lts/14/15.yaml
    sha256: c5e673e5723931b64ef2eb5004f6d9ea3c95b58d48388dbc4de6f66b97c81f7a
  original: lts-14.15
